
Microsoft Visual Studio Solution File, Format Version 12.00
# Visual Studio 15
Project("{FAE04EC0-301F-11D3-BF4B-00C04F79EFBC}") = "Assembly-CSharp", "Assembly-CSharp.csproj", "{EA003960-5619-B7FC-21DD-75FC0B08931B}"
EndProject
Global
	GlobalSection(SolutionConfigurationPlatforms) = preSolution
		Debug|Any CPU = Debug|Any CPU
		Release|Any CPU = Release|Any CPU
	EndGlobalSection
	GlobalSection(ProjectConfigurationPlatforms) = postSolution
		{EA003960-5619-B7FC-21DD-75FC0B08931B}.Debug|Any CPU.ActiveCfg = Debug|Any CPU
		{EA003960-5619-B7FC-21DD-75FC0B08931B}.Debug|Any CPU.Build.0 = Debug|Any CPU
		{EA003960-5619-B7FC-21DD-75FC0B08931B}.Release|Any CPU.ActiveCfg = Release|Any CPU
		{EA003960-5619-B7FC-21DD-75FC0B08931B}.Release|Any CPU.Build.0 = Release|Any CPU
	EndGlobalSection
	GlobalSection(SolutionProperties) = preSolution
		HideSolutionNode = FALSE
	EndGlobalSection
EndGlobal
